{
  "name": "@selecto/api-console",
  "version": "0.3.2",
  "lockfileVersion": 3,
  "requires": true,
  "packages": {
    "": {
      "name": "@selecto/api-console",
      "version": "0.3.2",
      "license": "SEE LICENSE IN LICENSE",
      "workspaces": [
        "packages/*"
      ],
      "engines": {
        "node": ">=18"
      }
    },
    "node_modules/@selecto/web-assets": {
      "resolved": "packages/web-assets",
      "link": true
    },
    "packages/web-assets": {
      "name": "@selecto/web-assets",
      "version": "0.1.0",
      "license": "SEE LICENSE IN LICENSE",
      "bin": {
        "selecto-web-assets": "bin/selecto-web-assets.mjs"
      },
      "engines": {
        "node": ">=18"
      }
    }
  }
}
